<?xml version="1.0" encoding="UTF-8" standalone="yes" ?>
<CodeBlocks_project_file>
	<FileVersion major="1" minor="6" />
	<Project>
		<Option title="The Outcast" />
		<Option pch_mode="0" />
		<Option compiler="gcc" />
		<Build>
			<Target title="debug">
				<Option output="The Outcast debug.exe" prefix_auto="0" extension_auto="0" />
				<Option object_output=".objsdebug" />
				<Option type="0" />
				<Option compiler="gcc" />
				<Compiler>
					<Add option="-g3" />
					<Add option="-fexceptions" />
					<Add option="-DWIN32" />
					<Add option="-DUSEENCRYPTION" />
					<Add option="-DUSEASSERT" />
					<Add option="-DDEBUGCONSOLE" />
					<Add option="-DDEBUGLEVEL_BUILDTIME=3" />
					<Add option="-DUSESOUNDS" />
				</Compiler>
				<Linker>
					<Add option="-g3" />
					<Add option="-fexceptions" />
				</Linker>
			</Target>
			<Target title="release">
				<Option output="The Outcast.exe" prefix_auto="0" extension_auto="0" />
				<Option type="0" />
				<Option compiler="gcc" />
				<Compiler>
					<Add option="-O3" />
					<Add option="-g" />
					<Add option="-fexceptions" />
					<Add option="-DWIN32" />
					<Add option="-DUSEENCRYPTION" />
					<Add option="-DUSEASSERT" />
					<Add option="-DUSESOUND" />
					<Add option="-DDEBUGLEVEL_BUILDTIME=0" />
				</Compiler>
				<Linker>
					<Add option="-fexceptions" />
				</Linker>
			</Target>
			<Target title="release_lite">
				<Option output="The Outcast lite.exe" prefix_auto="0" extension_auto="0" />
				<Option object_output=".objslite" />
				<Option type="0" />
				<Option compiler="gcc" />
				<Compiler>
					<Add option="-Os" />
					<Add option="-fexceptions" />
					<Add option="-DWIN32" />
					<Add option="-DUSEENCRYPTION" />
					<Add option="-DUSEASSERT" />
					<Add option="-DUSESOUND" />
					<Add option="-DDEBUGLEVEL_BUILDTIME=0" />
				</Compiler>
				<Linker>
					<Add option="-s" />
					<Add option="-fexceptions" />
				</Linker>
			</Target>
		</Build>
		<VirtualTargets>
			<Add alias="All" targets="debug;release;" />
		</VirtualTargets>
		<Compiler>
			<Add option="-pg" />
		</Compiler>
		<Linker>
			<Add option="-pg -lgmon" />
			<Add library="gdi32" />
			<Add library="user32" />
			<Add library="kernel32" />
			<Add library="glict" />
			<Add library="glut32" />
			<Add library="opengl32" />
			<Add library="glu32" />
			<Add library="ws2_32" />
			<Add library="winmm" />
			<Add library="3ds" />
			<Add library="gmp" />
			<Add library="sqlite3" />
			<Add library="fmod" />
		</Linker>
		<Unit filename="assert.h" />
		<Unit filename="buffer.cpp" />
		<Unit filename="buffer.h" />
		<Unit filename="charlist.cpp" />
		<Unit filename="charlist.h" />
		<Unit filename="colors.cpp" />
		<Unit filename="colors.h" />
		<Unit filename="console.cpp" />
		<Unit filename="console.h" />
		<Unit filename="creature.cpp" />
		<Unit filename="creature.h" />
		<Unit filename="creatures.cpp" />
		<Unit filename="creatures.h" />
		<Unit filename="database.cpp" />
		<Unit filename="database.h" />
		<Unit filename="debugprint.cpp" />
		<Unit filename="debugprint.h" />
		<Unit filename="defines.h" />
		<Unit filename="exchndl2.cxx" />
		<Unit filename="flythrough.cpp" />
		<Unit filename="flythrough.h" />
		<Unit filename="gamemode.cpp" />
		<Unit filename="gamemode.h" />
		<Unit filename="glutfont.cpp" />
		<Unit filename="glutfont.h" />
		<Unit filename="glutwin.cpp" />
		<Unit filename="glutwin.h" />
		<Unit filename="gm_gameworld.cpp" />
		<Unit filename="gm_gameworld.h" />
		<Unit filename="gm_logo.cpp" />
		<Unit filename="gm_logo.h" />
		<Unit filename="gm_mainmenu.cpp" />
		<Unit filename="gm_mainmenu.h" />
		<Unit filename="gwlogon.cpp" />
		<Unit filename="gwlogon.h" />
		<Unit filename="imgfmts.cpp" />
		<Unit filename="imgfmts.h" />
		<Unit filename="item.cpp" />
		<Unit filename="item.h" />
		<Unit filename="items.cpp" />
		<Unit filename="items.h" />
		<Unit filename="main.cpp" />
		<Unit filename="map.cpp" />
		<Unit filename="map.h" />
		<Unit filename="networkdirect.cpp" />
		<Unit filename="networkdirect.h" />
		<Unit filename="networkmessage.cpp" />
		<Unit filename="networkmessage.h" />
		<Unit filename="obj3ds.cpp" />
		<Unit filename="obj3ds.h" />
		<Unit filename="object.cpp" />
		<Unit filename="object.h" />
		<Unit filename="objspr.cpp" />
		<Unit filename="objspr.h" />
		<Unit filename="player.cpp" />
		<Unit filename="player.h" />
		<Unit filename="protocol.cpp" />
		<Unit filename="protocol.h" />
		<Unit filename="protocol75.cpp" />
		<Unit filename="protocol75.h" />
		<Unit filename="protocol76.cpp" />
		<Unit filename="protocol76.h" />
		<Unit filename="protocol77.cpp" />
		<Unit filename="protocol77.h" />
		<Unit filename="protocol79.cpp" />
		<Unit filename="protocol79.h" />
		<Unit filename="protocol792.h" />
		<Unit filename="readme.txt" />
		<Unit filename="simple_effects.cpp" />
		<Unit filename="simple_effects.h" />
		<Unit filename="socketstrings.cpp" />
		<Unit filename="socketstrings.h" />
		<Unit filename="sound.cpp" />
		<Unit filename="sound.h" />
		<Unit filename="sprfmts.cpp" />
		<Unit filename="sprfmts.h" />
		<Unit filename="texmgmt.cpp" />
		<Unit filename="texmgmt.h" />
		<Unit filename="thing.cpp" />
		<Unit filename="thing.h" />
		<Unit filename="threads.cpp" />
		<Unit filename="threads.h" />
		<Unit filename="tile.cpp" />
		<Unit filename="tile.h" />
		<Unit filename="types.h" />
		<Unit filename="winfont.cpp" />
		<Unit filename="winfont.h" />
		<Extensions>
			<code_completion />
		</Extensions>
	</Project>
</CodeBlocks_project_file>
